
Microsoft Visual Studio Solution File, Format Version 12.00
# Visual Studio Version 17
VisualStudioVersion = 17.14.36109.1
MinimumVisualStudioVersion = 10.0.40219.1
Project("{2150E333-8FDC-42A3-9474-1A3956D46DE8}") = "BookingService", "BookingService", "{02EA681E-C7D8-13C7-8484-4AC65E1B71E8}"
EndProject
Project("{2150E333-8FDC-42A3-9474-1A3956D46DE8}") = "PaymentService", "PaymentService", "{21D0F549-AE0F-4B85-9491-D3DA6621AF0E}"
EndProject
Project("{2150E333-8FDC-42A3-9474-1A3956D46DE8}") = "Core", "Core", "{C7B66247-056C-4768-A87B-E50DC696FE4F}"
EndProject
Project("{2150E333-8FDC-42A3-9474-1A3956D46DE8}") = "Domain", "Domain", "{122E25D5-4187-499D-9572-2BF3AB137A98}"
EndProject
Project("{2150E333-8FDC-42A3-9474-1A3956D46DE8}") = "Application", "Application", "{8915988F-30FC-4435-A1D6-824733A34BA5}"
EndProject
Project("{2150E333-8FDC-42A3-9474-1A3956D46DE8}") = "Adapters", "Adapters", "{F075F619-C6D4-4572-AAEA-220C2EE3AA54}"
EndProject
Project("{2150E333-8FDC-42A3-9474-1A3956D46DE8}") = "Consumers", "Consumers", "{8EF6B0F1-E6E0-41EB-8326-647FC161DF76}"
EndProject
Project("{2150E333-8FDC-42A3-9474-1A3956D46DE8}") = "Tests", "Tests", "{529992A7-C465-42FF-99B7-3E409CC2B720}"
EndProject
Project("{2150E333-8FDC-42A3-9474-1A3956D46DE8}") = "Domain", "Domain", "{E118D962-1011-4875-A438-A3B07E0101FF}"
EndProject
Project("{2150E333-8FDC-42A3-9474-1A3956D46DE8}") = "Application", "Application", "{44BCA68A-7101-4298-A0D7-CE1529E82DA9}"
EndProject
Project("{2150E333-8FDC-42A3-9474-1A3956D46DE8}") = "Adapters", "Adapters", "{676060CE-99CC-48AB-9526-8D7BCD35CC8C}"
EndProject
Project("{FAE04EC0-301F-11D3-BF4B-00C04F79EFBC}") = "API", "BookingService\Consumers\API\API.csproj", "{ACC992CD-FB97-4E6E-990A-9EFA64BC3971}"
EndProject
Project("{FAE04EC0-301F-11D3-BF4B-00C04F79EFBC}") = "DomainTests", "BookingService\Test\Domain\DomainTests\DomainTests\DomainTests.csproj", "{D6CA6B23-B0E1-4099-A758-CB15C1A9EF00}"
EndProject
Project("{FAE04EC0-301F-11D3-BF4B-00C04F79EFBC}") = "ApplicationTests", "BookingService\Test\Application\ApplicationTests\ApplicationTests\ApplicationTests.csproj", "{A2CE96B5-ECDA-4258-82D4-BAD91F036272}"
EndProject
Project("{FAE04EC0-301F-11D3-BF4B-00C04F79EFBC}") = "AdaptersTests", "BookingService\Test\Adapters\AdaptersTests\AdaptersTests.csproj", "{71E06D23-D8A3-496A-A4E9-2529EDE9C32E}"
EndProject
Project("{FAE04EC0-301F-11D3-BF4B-00C04F79EFBC}") = "Application", "BookingService\Core\Application\Application.csproj", "{FD619B4E-E6DC-A2FB-E310-8B44D3B597D6}"
EndProject
Project("{FAE04EC0-301F-11D3-BF4B-00C04F79EFBC}") = "Domain", "BookingService\Core\Domain\Domain.csproj", "{BAF33E92-FFAC-E963-F35E-6060612782B7}"
EndProject
Project("{FAE04EC0-301F-11D3-BF4B-00C04F79EFBC}") = "Data", "BookingService\Adapters\Data\Data.csproj", "{543A2F8A-2325-427C-A93B-A0BCA5B075D7}"
EndProject
Global
	GlobalSection(SolutionConfigurationPlatforms) = preSolution
		Debug|Any CPU = Debug|Any CPU
		Release|Any CPU = Release|Any CPU
	EndGlobalSection
	GlobalSection(ProjectConfigurationPlatforms) = postSolution
		{ACC992CD-FB97-4E6E-990A-9EFA64BC3971}.Debug|Any CPU.ActiveCfg = Debug|Any CPU
		{ACC992CD-FB97-4E6E-990A-9EFA64BC3971}.Debug|Any CPU.Build.0 = Debug|Any CPU
		{ACC992CD-FB97-4E6E-990A-9EFA64BC3971}.Release|Any CPU.ActiveCfg = Release|Any CPU
		{ACC992CD-FB97-4E6E-990A-9EFA64BC3971}.Release|Any CPU.Build.0 = Release|Any CPU
		{D6CA6B23-B0E1-4099-A758-CB15C1A9EF00}.Debug|Any CPU.ActiveCfg = Debug|Any CPU
		{D6CA6B23-B0E1-4099-A758-CB15C1A9EF00}.Debug|Any CPU.Build.0 = Debug|Any CPU
		{D6CA6B23-B0E1-4099-A758-CB15C1A9EF00}.Release|Any CPU.ActiveCfg = Release|Any CPU
		{D6CA6B23-B0E1-4099-A758-CB15C1A9EF00}.Release|Any CPU.Build.0 = Release|Any CPU
		{A2CE96B5-ECDA-4258-82D4-BAD91F036272}.Debug|Any CPU.ActiveCfg = Debug|Any CPU
		{A2CE96B5-ECDA-4258-82D4-BAD91F036272}.Debug|Any CPU.Build.0 = Debug|Any CPU
		{A2CE96B5-ECDA-4258-82D4-BAD91F036272}.Release|Any CPU.ActiveCfg = Release|Any CPU
		{A2CE96B5-ECDA-4258-82D4-BAD91F036272}.Release|Any CPU.Build.0 = Release|Any CPU
		{71E06D23-D8A3-496A-A4E9-2529EDE9C32E}.Debug|Any CPU.ActiveCfg = Debug|Any CPU
		{71E06D23-D8A3-496A-A4E9-2529EDE9C32E}.Debug|Any CPU.Build.0 = Debug|Any CPU
		{71E06D23-D8A3-496A-A4E9-2529EDE9C32E}.Release|Any CPU.ActiveCfg = Release|Any CPU
		{71E06D23-D8A3-496A-A4E9-2529EDE9C32E}.Release|Any CPU.Build.0 = Release|Any CPU
		{FD619B4E-E6DC-A2FB-E310-8B44D3B597D6}.Debug|Any CPU.ActiveCfg = Debug|Any CPU
		{FD619B4E-E6DC-A2FB-E310-8B44D3B597D6}.Debug|Any CPU.Build.0 = Debug|Any CPU
		{FD619B4E-E6DC-A2FB-E310-8B44D3B597D6}.Release|Any CPU.ActiveCfg = Release|Any CPU
		{FD619B4E-E6DC-A2FB-E310-8B44D3B597D6}.Release|Any CPU.Build.0 = Release|Any CPU
		{BAF33E92-FFAC-E963-F35E-6060612782B7}.Debug|Any CPU.ActiveCfg = Debug|Any CPU
		{BAF33E92-FFAC-E963-F35E-6060612782B7}.Debug|Any CPU.Build.0 = Debug|Any CPU
		{BAF33E92-FFAC-E963-F35E-6060612782B7}.Release|Any CPU.ActiveCfg = Release|Any CPU
		{BAF33E92-FFAC-E963-F35E-6060612782B7}.Release|Any CPU.Build.0 = Release|Any CPU
		{543A2F8A-2325-427C-A93B-A0BCA5B075D7}.Debug|Any CPU.ActiveCfg = Debug|Any CPU
		{543A2F8A-2325-427C-A93B-A0BCA5B075D7}.Debug|Any CPU.Build.0 = Debug|Any CPU
		{543A2F8A-2325-427C-A93B-A0BCA5B075D7}.Release|Any CPU.ActiveCfg = Release|Any CPU
		{543A2F8A-2325-427C-A93B-A0BCA5B075D7}.Release|Any CPU.Build.0 = Release|Any CPU
	EndGlobalSection
	GlobalSection(SolutionProperties) = preSolution
		HideSolutionNode = FALSE
	EndGlobalSection
	GlobalSection(NestedProjects) = preSolution
		{C7B66247-056C-4768-A87B-E50DC696FE4F} = {02EA681E-C7D8-13C7-8484-4AC65E1B71E8}
		{122E25D5-4187-499D-9572-2BF3AB137A98} = {C7B66247-056C-4768-A87B-E50DC696FE4F}
		{8915988F-30FC-4435-A1D6-824733A34BA5} = {C7B66247-056C-4768-A87B-E50DC696FE4F}
		{F075F619-C6D4-4572-AAEA-220C2EE3AA54} = {02EA681E-C7D8-13C7-8484-4AC65E1B71E8}
		{8EF6B0F1-E6E0-41EB-8326-647FC161DF76} = {02EA681E-C7D8-13C7-8484-4AC65E1B71E8}
		{529992A7-C465-42FF-99B7-3E409CC2B720} = {02EA681E-C7D8-13C7-8484-4AC65E1B71E8}
		{E118D962-1011-4875-A438-A3B07E0101FF} = {529992A7-C465-42FF-99B7-3E409CC2B720}
		{44BCA68A-7101-4298-A0D7-CE1529E82DA9} = {529992A7-C465-42FF-99B7-3E409CC2B720}
		{676060CE-99CC-48AB-9526-8D7BCD35CC8C} = {529992A7-C465-42FF-99B7-3E409CC2B720}
		{ACC992CD-FB97-4E6E-990A-9EFA64BC3971} = {8EF6B0F1-E6E0-41EB-8326-647FC161DF76}
		{D6CA6B23-B0E1-4099-A758-CB15C1A9EF00} = {E118D962-1011-4875-A438-A3B07E0101FF}
		{A2CE96B5-ECDA-4258-82D4-BAD91F036272} = {44BCA68A-7101-4298-A0D7-CE1529E82DA9}
		{71E06D23-D8A3-496A-A4E9-2529EDE9C32E} = {676060CE-99CC-48AB-9526-8D7BCD35CC8C}
		{FD619B4E-E6DC-A2FB-E310-8B44D3B597D6} = {8915988F-30FC-4435-A1D6-824733A34BA5}
		{BAF33E92-FFAC-E963-F35E-6060612782B7} = {122E25D5-4187-499D-9572-2BF3AB137A98}
		{543A2F8A-2325-427C-A93B-A0BCA5B075D7} = {F075F619-C6D4-4572-AAEA-220C2EE3AA54}
	EndGlobalSection
	GlobalSection(ExtensibilityGlobals) = postSolution
		SolutionGuid = {699A57F3-EA2B-4011-BC36-63D5D4A8248C}
	EndGlobalSection
EndGlobal
